Microsoft Visual Studio Solution File, Format Version 12.00
# Visual Studio Version 17
VisualStudioVersion = 17.5.2.0
MinimumVisualStudioVersion = 10.0.40219.1
Project("{FAE04EC0-301F-11D3-BF4B-00C04F79EFBC}") = "Condition_Questions", "Condition_Questions\Condition_Questions.csproj", "{0DE929B0-A14C-711C-BF1D-5781EF9C6401}"
EndProject
Global
	GlobalSection(SolutionConfigurationPlatforms) = preSolution
		Debug|Any CPU = Debug|Any CPU
		Release|Any CPU = Release|Any CPU
	EndGlobalSection
	GlobalSection(ProjectConfigurationPlatforms) = postSolution
		{0DE929B0-A14C-711C-BF1D-5781EF9C6401}.Debug|Any CPU.ActiveCfg = Debug|Any CPU
		{0DE929B0-A14C-711C-BF1D-5781EF9C6401}.Debug|Any CPU.Build.0 = Debug|Any CPU
		{0DE929B0-A14C-711C-BF1D-5781EF9C6401}.Release|Any CPU.ActiveCfg = Release|Any CPU
		{0DE929B0-A14C-711C-BF1D-5781EF9C6401}.Release|Any CPU.Build.0 = Release|Any CPU
	EndGlobalSection
	GlobalSection(SolutionProperties) = preSolution
		HideSolutionNode = FALSE
	EndGlobalSection
	GlobalSection(ExtensibilityGlobals) = postSolution
		SolutionGuid = {6A8D7DB7-3CBC-4D32-AC42-AB875B4D36C5}
	EndGlobalSection
EndGlobal
