Microsoft Visual Studio Solution File, Format Version 12.00
# Visual Studio Version 17
VisualStudioVersion = 17.5.2.0
MinimumVisualStudioVersion = 10.0.40219.1
Project("{FAE04EC0-301F-11D3-BF4B-00C04F79EFBC}") = "Movie_Library", "Movie_Library\Movie_Library.csproj", "{B802F567-8016-358F-AD82-F6EE9857FE54}"
EndProject
Global
	GlobalSection(SolutionConfigurationPlatforms) = preSolution
		Debug|Any CPU = Debug|Any CPU
		Release|Any CPU = Release|Any CPU
	EndGlobalSection
	GlobalSection(ProjectConfigurationPlatforms) = postSolution
		{B802F567-8016-358F-AD82-F6EE9857FE54}.Debug|Any CPU.ActiveCfg = Debug|Any CPU
		{B802F567-8016-358F-AD82-F6EE9857FE54}.Debug|Any CPU.Build.0 = Debug|Any CPU
		{B802F567-8016-358F-AD82-F6EE9857FE54}.Release|Any CPU.ActiveCfg = Release|Any CPU
		{B802F567-8016-358F-AD82-F6EE9857FE54}.Release|Any CPU.Build.0 = Release|Any CPU
	EndGlobalSection
	GlobalSection(SolutionProperties) = preSolution
		HideSolutionNode = FALSE
	EndGlobalSection
	GlobalSection(ExtensibilityGlobals) = postSolution
		SolutionGuid = {B8BB072E-1970-4F56-9CEA-493D9AAF3186}
	EndGlobalSection
EndGlobal
