Microsoft Visual Studio Solution File, Format Version 12.00
# Visual Studio Version 17
VisualStudioVersion = 17.5.2.0
MinimumVisualStudioVersion = 10.0.40219.1
Project("{2150E333-8FDC-42A3-9474-1A3956D46DE8}") = "Case_Based_Question_1", "Case_Based_Question_1", "{ED924842-36AD-52E0-186E-700D76A13614}"
EndProject
Project("{FAE04EC0-301F-11D3-BF4B-00C04F79EFBC}") = "Case_Based_Question_", "Case_Based_Question_1\Case_Based_Question_.csproj", "{77E2ED0C-B418-E8F0-D337-6A4C6A3C3AA0}"
EndProject
Global
	GlobalSection(SolutionConfigurationPlatforms) = preSolution
		Debug|Any CPU = Debug|Any CPU
		Release|Any CPU = Release|Any CPU
	EndGlobalSection
	GlobalSection(ProjectConfigurationPlatforms) = postSolution
		{77E2ED0C-B418-E8F0-D337-6A4C6A3C3AA0}.Debug|Any CPU.ActiveCfg = Debug|Any CPU
		{77E2ED0C-B418-E8F0-D337-6A4C6A3C3AA0}.Debug|Any CPU.Build.0 = Debug|Any CPU
		{77E2ED0C-B418-E8F0-D337-6A4C6A3C3AA0}.Release|Any CPU.ActiveCfg = Release|Any CPU
		{77E2ED0C-B418-E8F0-D337-6A4C6A3C3AA0}.Release|Any CPU.Build.0 = Release|Any CPU
	EndGlobalSection
	GlobalSection(SolutionProperties) = preSolution
		HideSolutionNode = FALSE
	EndGlobalSection
	GlobalSection(NestedProjects) = preSolution
		{77E2ED0C-B418-E8F0-D337-6A4C6A3C3AA0} = {ED924842-36AD-52E0-186E-700D76A13614}
	EndGlobalSection
	GlobalSection(ExtensibilityGlobals) = postSolution
		SolutionGuid = {6C2E03F0-8CB4-4DEC-BE01-8233B1F27A9D}
	EndGlobalSection
EndGlobal
